
Microsoft Visual Studio Solution File, Format Version 12.00
# Visual Studio Version 16
VisualStudioVersion = 16.0.30320.27
MinimumVisualStudioVersion = 10.0.40219.1
Project("{9A19103F-16F7-4668-BE54-9A1E7A4F7556}") = "Aula_1", "Aula_1\Aula_1.csproj", "{35D485A0-1818-4FAC-A484-43CE76DE5D4E}"
EndProject
Project("{9A19103F-16F7-4668-BE54-9A1E7A4F7556}") = "Aula_2_Construtores", "Aula_2_Construtores\Aula_2_Construtores.csproj", "{F2D2EFFA-3AC9-470E-950D-2E725E299B91}"
EndProject
Project("{FAE04EC0-301F-11D3-BF4B-00C04F79EFBC}") = "Aula_3_Modelo_Dominio_Rico", "Aula_3_Modelo_Dominio_Rico\Aula_3_Modelo_Dominio_Rico.csproj", "{B59715D4-9E4E-4C97-A668-56514D90A8D5}"
EndProject
Global
	GlobalSection(SolutionConfigurationPlatforms) = preSolution
		Debug|Any CPU = Debug|Any CPU
		Release|Any CPU = Release|Any CPU
	EndGlobalSection
	GlobalSection(ProjectConfigurationPlatforms) = postSolution
		{35D485A0-1818-4FAC-A484-43CE76DE5D4E}.Debug|Any CPU.ActiveCfg = Debug|Any CPU
		{35D485A0-1818-4FAC-A484-43CE76DE5D4E}.Debug|Any CPU.Build.0 = Debug|Any CPU
		{35D485A0-1818-4FAC-A484-43CE76DE5D4E}.Release|Any CPU.ActiveCfg = Release|Any CPU
		{35D485A0-1818-4FAC-A484-43CE76DE5D4E}.Release|Any CPU.Build.0 = Release|Any CPU
		{F2D2EFFA-3AC9-470E-950D-2E725E299B91}.Debug|Any CPU.ActiveCfg = Debug|Any CPU
		{F2D2EFFA-3AC9-470E-950D-2E725E299B91}.Debug|Any CPU.Build.0 = Debug|Any CPU
		{F2D2EFFA-3AC9-470E-950D-2E725E299B91}.Release|Any CPU.ActiveCfg = Release|Any CPU
		{F2D2EFFA-3AC9-470E-950D-2E725E299B91}.Release|Any CPU.Build.0 = Release|Any CPU
		{B59715D4-9E4E-4C97-A668-56514D90A8D5}.Debug|Any CPU.ActiveCfg = Debug|Any CPU
		{B59715D4-9E4E-4C97-A668-56514D90A8D5}.Debug|Any CPU.Build.0 = Debug|Any CPU
		{B59715D4-9E4E-4C97-A668-56514D90A8D5}.Release|Any CPU.ActiveCfg = Release|Any CPU
		{B59715D4-9E4E-4C97-A668-56514D90A8D5}.Release|Any CPU.Build.0 = Release|Any CPU
	EndGlobalSection
	GlobalSection(SolutionProperties) = preSolution
		HideSolutionNode = FALSE
	EndGlobalSection
	GlobalSection(ExtensibilityGlobals) = postSolution
		SolutionGuid = {A8C0BAAD-09EA-4515-AB98-98AB34C8FED9}
	EndGlobalSection
EndGlobal
