
Microsoft Visual Studio Solution File, Format Version 12.00
# Visual Studio Version 16
VisualStudioVersion = 16.0.30320.27
MinimumVisualStudioVersion = 10.0.40219.1
Project("{9A19103F-16F7-4668-BE54-9A1E7A4F7556}") = "Aula_1", "Aula_1\Aula_1.csproj", "{35D485A0-1818-4FAC-A484-43CE76DE5D4E}"
EndProject
Project("{9A19103F-16F7-4668-BE54-9A1E7A4F7556}") = "Aula_2_Construtores", "Aula_2_Construtores\Aula_2_Construtores.csproj", "{F2D2EFFA-3AC9-470E-950D-2E725E299B91}"
EndProject
Project("{9A19103F-16F7-4668-BE54-9A1E7A4F7556}") = "Aula_3_Modelo_Dominio_Rico", "Aula_3_Modelo_Dominio_Rico\Aula_3_Modelo_Dominio_Rico.csproj", "{B59715D4-9E4E-4C97-A668-56514D90A8D5}"
EndProject
Project("{9A19103F-16F7-4668-BE54-9A1E7A4F7556}") = "Aula_4_Sobrecarga", "Aula_4_Sobrecarga\Aula_4_Sobrecarga.csproj", "{AFE051C4-504B-4ED1-B21D-F26E20CB8B4C}"
EndProject
Project("{9A19103F-16F7-4668-BE54-9A1E7A4F7556}") = "Aula_5_ParametroOpcional", "Aula_5_ParametroOpcional\Aula_5_ParametroOpcional.csproj", "{45D0D37E-4755-4735-85C9-00A6DCF3FE73}"
EndProject
Project("{9A19103F-16F7-4668-BE54-9A1E7A4F7556}") = "Aula_6_MetodosEstaticos", "Aula_6_MetodosEstaticos\Aula_6_MetodosEstaticos.csproj", "{F2D042D6-8C21-42B9-87EE-65548A6FB3D8}"
EndProject
Project("{9A19103F-16F7-4668-BE54-9A1E7A4F7556}") = "Aula_7_Herança", "Aula_7_Herança\Aula_7_Herança.csproj", "{773CB55F-1DC7-413F-BB19-F72E984B3300}"
EndProject
Project("{9A19103F-16F7-4668-BE54-9A1E7A4F7556}") = "Aula_8_AsAndIs", "Aula_8_AsAndIs\Aula_8_AsAndIs.csproj", "{4509DA11-0F27-4E0D-A68A-C27D03D7583F}"
EndProject
Project("{9A19103F-16F7-4668-BE54-9A1E7A4F7556}") = "Exercicios_Modulo1", "Exercicios_Modulo1\Exercicios_Modulo1.csproj", "{9F7E0348-8848-439A-9A39-A09A2B6EB41A}"
EndProject
Project("{9A19103F-16F7-4668-BE54-9A1E7A4F7556}") = "Aula1_Mod2_Composicao", "Aula1_Mod2_Composicao\Aula1_Mod2_Composicao.csproj", "{964D610B-C87D-4DC1-884D-340A690F6A14}"
EndProject
Project("{9A19103F-16F7-4668-BE54-9A1E7A4F7556}") = "Aula2_Mod2_Agregacao", "Aula2_Mod2_Agregacao\Aula2_Mod2_Agregacao.csproj", "{1A4D4F34-BBB1-458B-8D96-A634AA31E621}"
EndProject
Project("{FAE04EC0-301F-11D3-BF4B-00C04F79EFBC}") = "Aula3_Mod2_ComposicaoXHeranca", "Aula3_Mod2_ComposicaoXHeranca\Aula3_Mod2_ComposicaoXHeranca.csproj", "{1E833277-6687-4EE3-ABAE-515C139F65DE}"
EndProject
Project("{FAE04EC0-301F-11D3-BF4B-00C04F79EFBC}") = "Aula4_Mod2_ClasseAbstrata", "Aula4_Mod2_ClasseAbstrata\Aula4_Mod2_ClasseAbstrata.csproj", "{398D593D-A374-4F0B-AFB1-3DB2D4097571}"
EndProject
Project("{FAE04EC0-301F-11D3-BF4B-00C04F79EFBC}") = "Aula5_Mod2_ClasseSelada", "Aula5_Mod2_ClasseSelada\Aula5_Mod2_ClasseSelada.csproj", "{86C4C933-C01B-4A4C-B5AF-EDF837B55730}"
EndProject
Global
	GlobalSection(SolutionConfigurationPlatforms) = preSolution
		Debug|Any CPU = Debug|Any CPU
		Release|Any CPU = Release|Any CPU
	EndGlobalSection
	GlobalSection(ProjectConfigurationPlatforms) = postSolution
		{35D485A0-1818-4FAC-A484-43CE76DE5D4E}.Debug|Any CPU.ActiveCfg = Debug|Any CPU
		{35D485A0-1818-4FAC-A484-43CE76DE5D4E}.Debug|Any CPU.Build.0 = Debug|Any CPU
		{35D485A0-1818-4FAC-A484-43CE76DE5D4E}.Release|Any CPU.ActiveCfg = Release|Any CPU
		{35D485A0-1818-4FAC-A484-43CE76DE5D4E}.Release|Any CPU.Build.0 = Release|Any CPU
		{F2D2EFFA-3AC9-470E-950D-2E725E299B91}.Debug|Any CPU.ActiveCfg = Debug|Any CPU
		{F2D2EFFA-3AC9-470E-950D-2E725E299B91}.Debug|Any CPU.Build.0 = Debug|Any CPU
		{F2D2EFFA-3AC9-470E-950D-2E725E299B91}.Release|Any CPU.ActiveCfg = Release|Any CPU
		{F2D2EFFA-3AC9-470E-950D-2E725E299B91}.Release|Any CPU.Build.0 = Release|Any CPU
		{B59715D4-9E4E-4C97-A668-56514D90A8D5}.Debug|Any CPU.ActiveCfg = Debug|Any CPU
		{B59715D4-9E4E-4C97-A668-56514D90A8D5}.Debug|Any CPU.Build.0 = Debug|Any CPU
		{B59715D4-9E4E-4C97-A668-56514D90A8D5}.Release|Any CPU.ActiveCfg = Release|Any CPU
		{B59715D4-9E4E-4C97-A668-56514D90A8D5}.Release|Any CPU.Build.0 = Release|Any CPU
		{AFE051C4-504B-4ED1-B21D-F26E20CB8B4C}.Debug|Any CPU.ActiveCfg = Debug|Any CPU
		{AFE051C4-504B-4ED1-B21D-F26E20CB8B4C}.Debug|Any CPU.Build.0 = Debug|Any CPU
		{AFE051C4-504B-4ED1-B21D-F26E20CB8B4C}.Release|Any CPU.ActiveCfg = Release|Any CPU
		{AFE051C4-504B-4ED1-B21D-F26E20CB8B4C}.Release|Any CPU.Build.0 = Release|Any CPU
		{45D0D37E-4755-4735-85C9-00A6DCF3FE73}.Debug|Any CPU.ActiveCfg = Debug|Any CPU
		{45D0D37E-4755-4735-85C9-00A6DCF3FE73}.Debug|Any CPU.Build.0 = Debug|Any CPU
		{45D0D37E-4755-4735-85C9-00A6DCF3FE73}.Release|Any CPU.ActiveCfg = Release|Any CPU
		{45D0D37E-4755-4735-85C9-00A6DCF3FE73}.Release|Any CPU.Build.0 = Release|Any CPU
		{F2D042D6-8C21-42B9-87EE-65548A6FB3D8}.Debug|Any CPU.ActiveCfg = Debug|Any CPU
		{F2D042D6-8C21-42B9-87EE-65548A6FB3D8}.Debug|Any CPU.Build.0 = Debug|Any CPU
		{F2D042D6-8C21-42B9-87EE-65548A6FB3D8}.Release|Any CPU.ActiveCfg = Release|Any CPU
		{F2D042D6-8C21-42B9-87EE-65548A6FB3D8}.Release|Any CPU.Build.0 = Release|Any CPU
		{773CB55F-1DC7-413F-BB19-F72E984B3300}.Debug|Any CPU.ActiveCfg = Debug|Any CPU
		{773CB55F-1DC7-413F-BB19-F72E984B3300}.Debug|Any CPU.Build.0 = Debug|Any CPU
		{773CB55F-1DC7-413F-BB19-F72E984B3300}.Release|Any CPU.ActiveCfg = Release|Any CPU
		{773CB55F-1DC7-413F-BB19-F72E984B3300}.Release|Any CPU.Build.0 = Release|Any CPU
		{4509DA11-0F27-4E0D-A68A-C27D03D7583F}.Debug|Any CPU.ActiveCfg = Debug|Any CPU
		{4509DA11-0F27-4E0D-A68A-C27D03D7583F}.Debug|Any CPU.Build.0 = Debug|Any CPU
		{4509DA11-0F27-4E0D-A68A-C27D03D7583F}.Release|Any CPU.ActiveCfg = Release|Any CPU
		{4509DA11-0F27-4E0D-A68A-C27D03D7583F}.Release|Any CPU.Build.0 = Release|Any CPU
		{9F7E0348-8848-439A-9A39-A09A2B6EB41A}.Debug|Any CPU.ActiveCfg = Debug|Any CPU
		{9F7E0348-8848-439A-9A39-A09A2B6EB41A}.Debug|Any CPU.Build.0 = Debug|Any CPU
		{9F7E0348-8848-439A-9A39-A09A2B6EB41A}.Release|Any CPU.ActiveCfg = Release|Any CPU
		{9F7E0348-8848-439A-9A39-A09A2B6EB41A}.Release|Any CPU.Build.0 = Release|Any CPU
		{964D610B-C87D-4DC1-884D-340A690F6A14}.Debug|Any CPU.ActiveCfg = Debug|Any CPU
		{964D610B-C87D-4DC1-884D-340A690F6A14}.Debug|Any CPU.Build.0 = Debug|Any CPU
		{964D610B-C87D-4DC1-884D-340A690F6A14}.Release|Any CPU.ActiveCfg = Release|Any CPU
		{964D610B-C87D-4DC1-884D-340A690F6A14}.Release|Any CPU.Build.0 = Release|Any CPU
		{1A4D4F34-BBB1-458B-8D96-A634AA31E621}.Debug|Any CPU.ActiveCfg = Debug|Any CPU
		{1A4D4F34-BBB1-458B-8D96-A634AA31E621}.Debug|Any CPU.Build.0 = Debug|Any CPU
		{1A4D4F34-BBB1-458B-8D96-A634AA31E621}.Release|Any CPU.ActiveCfg = Release|Any CPU
		{1A4D4F34-BBB1-458B-8D96-A634AA31E621}.Release|Any CPU.Build.0 = Release|Any CPU
		{1E833277-6687-4EE3-ABAE-515C139F65DE}.Debug|Any CPU.ActiveCfg = Debug|Any CPU
		{1E833277-6687-4EE3-ABAE-515C139F65DE}.Debug|Any CPU.Build.0 = Debug|Any CPU
		{1E833277-6687-4EE3-ABAE-515C139F65DE}.Release|Any CPU.ActiveCfg = Release|Any CPU
		{1E833277-6687-4EE3-ABAE-515C139F65DE}.Release|Any CPU.Build.0 = Release|Any CPU
		{398D593D-A374-4F0B-AFB1-3DB2D4097571}.Debug|Any CPU.ActiveCfg = Debug|Any CPU
		{398D593D-A374-4F0B-AFB1-3DB2D4097571}.Debug|Any CPU.Build.0 = Debug|Any CPU
		{398D593D-A374-4F0B-AFB1-3DB2D4097571}.Release|Any CPU.ActiveCfg = Release|Any CPU
		{398D593D-A374-4F0B-AFB1-3DB2D4097571}.Release|Any CPU.Build.0 = Release|Any CPU
		{86C4C933-C01B-4A4C-B5AF-EDF837B55730}.Debug|Any CPU.ActiveCfg = Debug|Any CPU
		{86C4C933-C01B-4A4C-B5AF-EDF837B55730}.Debug|Any CPU.Build.0 = Debug|Any CPU
		{86C4C933-C01B-4A4C-B5AF-EDF837B55730}.Release|Any CPU.ActiveCfg = Release|Any CPU
		{86C4C933-C01B-4A4C-B5AF-EDF837B55730}.Release|Any CPU.Build.0 = Release|Any CPU
	EndGlobalSection
	GlobalSection(SolutionProperties) = preSolution
		HideSolutionNode = FALSE
	EndGlobalSection
	GlobalSection(ExtensibilityGlobals) = postSolution
		SolutionGuid = {A8C0BAAD-09EA-4515-AB98-98AB34C8FED9}
	EndGlobalSection
EndGlobal
